
Microsoft Visual Studio Solution File, Format Version 12.00
# Visual Studio Version 16
VisualStudioVersion = 16.0.30011.22
MinimumVisualStudioVersion = 10.0.40219.1
Project("{8BC9CEB8-8B4A-11D0-8D11-00A0C91BC942}") = "0629", "0629\0629.vcxproj", "{1D8A6C3F-ECBC-471A-85E5-13B587891485}"
EndProject
Global
	GlobalSection(SolutionConfigurationPlatforms) = preSolution
		Debug|x64 = Debug|x64
		Debug|x86 = Debug|x86
		Release|x64 = Release|x64
		Release|x86 = Release|x86
	EndGlobalSection
	GlobalSection(ProjectConfigurationPlatforms) = postSolution
		{1D8A6C3F-ECBC-471A-85E5-13B587891485}.Debug|x64.ActiveCfg = Debug|x64
		{1D8A6C3F-ECBC-471A-85E5-13B587891485}.Debug|x64.Build.0 = Debug|x64
		{1D8A6C3F-ECBC-471A-85E5-13B587891485}.Debug|x86.ActiveCfg = Debug|Win32
		{1D8A6C3F-ECBC-471A-85E5-13B587891485}.Debug|x86.Build.0 = Debug|Win32
		{1D8A6C3F-ECBC-471A-85E5-13B587891485}.Release|x64.ActiveCfg = Release|x64
		{1D8A6C3F-ECBC-471A-85E5-13B587891485}.Release|x64.Build.0 = Release|x64
		{1D8A6C3F-ECBC-471A-85E5-13B587891485}.Release|x86.ActiveCfg = Release|Win32
		{1D8A6C3F-ECBC-471A-85E5-13B587891485}.Release|x86.Build.0 = Release|Win32
	EndGlobalSection
	GlobalSection(SolutionProperties) = preSolution
		HideSolutionNode = FALSE
	EndGlobalSection
	GlobalSection(ExtensibilityGlobals) = postSolution
		SolutionGuid = {11B8B251-3B50-45B1-B707-9BA06348C130}
	EndGlobalSection
EndGlobal
